
Microsoft Visual Studio Solution File, Format Version 12.00
# Visual Studio Version 16
VisualStudioVersion = 16.0.29215.179
MinimumVisualStudioVersion = 10.0.40219.1
Project("{9A19103F-16F7-4668-BE54-9A1E7A4F7556}") = "learn", "learn\learn.csproj", "{95E83E32-7991-47C5-A484-83FF795CB4D0}"
EndProject
Project("{FAE04EC0-301F-11D3-BF4B-00C04F79EFBC}") = "Test", "Test1\Test.csproj", "{19392062-CA2D-4BC0-B223-FADBD7D9ED75}"
EndProject
Project("{FAE04EC0-301F-11D3-BF4B-00C04F79EFBC}") = "ArrayLearn", "ArrayLearn\ArrayLearn.csproj", "{85470550-902C-45A4-B73F-20A555A94E84}"
EndProject
Project("{FAE04EC0-301F-11D3-BF4B-00C04F79EFBC}") = "ObjectLearn", "ObjectLearn\ObjectLearn.csproj", "{3CF1AEA4-38EA-45F1-A16C-9E52867D1940}"
EndProject
Project("{FAE04EC0-301F-11D3-BF4B-00C04F79EFBC}") = "Queue", "Queue\Queue.csproj", "{0C663755-F5EC-4DA6-98A9-16DD9B8D5492}"
EndProject
Global
	GlobalSection(SolutionConfigurationPlatforms) = preSolution
		Debug|Any CPU = Debug|Any CPU
		Release|Any CPU = Release|Any CPU
	EndGlobalSection
	GlobalSection(ProjectConfigurationPlatforms) = postSolution
		{95E83E32-7991-47C5-A484-83FF795CB4D0}.Debug|Any CPU.ActiveCfg = Debug|Any CPU
		{95E83E32-7991-47C5-A484-83FF795CB4D0}.Debug|Any CPU.Build.0 = Debug|Any CPU
		{95E83E32-7991-47C5-A484-83FF795CB4D0}.Release|Any CPU.ActiveCfg = Release|Any CPU
		{95E83E32-7991-47C5-A484-83FF795CB4D0}.Release|Any CPU.Build.0 = Release|Any CPU
		{19392062-CA2D-4BC0-B223-FADBD7D9ED75}.Debug|Any CPU.ActiveCfg = Debug|Any CPU
		{19392062-CA2D-4BC0-B223-FADBD7D9ED75}.Debug|Any CPU.Build.0 = Debug|Any CPU
		{19392062-CA2D-4BC0-B223-FADBD7D9ED75}.Release|Any CPU.ActiveCfg = Release|Any CPU
		{19392062-CA2D-4BC0-B223-FADBD7D9ED75}.Release|Any CPU.Build.0 = Release|Any CPU
		{85470550-902C-45A4-B73F-20A555A94E84}.Debug|Any CPU.ActiveCfg = Debug|Any CPU
		{85470550-902C-45A4-B73F-20A555A94E84}.Debug|Any CPU.Build.0 = Debug|Any CPU
		{85470550-902C-45A4-B73F-20A555A94E84}.Release|Any CPU.ActiveCfg = Release|Any CPU
		{85470550-902C-45A4-B73F-20A555A94E84}.Release|Any CPU.Build.0 = Release|Any CPU
		{3CF1AEA4-38EA-45F1-A16C-9E52867D1940}.Debug|Any CPU.ActiveCfg = Debug|Any CPU
		{3CF1AEA4-38EA-45F1-A16C-9E52867D1940}.Debug|Any CPU.Build.0 = Debug|Any CPU
		{3CF1AEA4-38EA-45F1-A16C-9E52867D1940}.Release|Any CPU.ActiveCfg = Release|Any CPU
		{3CF1AEA4-38EA-45F1-A16C-9E52867D1940}.Release|Any CPU.Build.0 = Release|Any CPU
		{0C663755-F5EC-4DA6-98A9-16DD9B8D5492}.Debug|Any CPU.ActiveCfg = Debug|Any CPU
		{0C663755-F5EC-4DA6-98A9-16DD9B8D5492}.Debug|Any CPU.Build.0 = Debug|Any CPU
		{0C663755-F5EC-4DA6-98A9-16DD9B8D5492}.Release|Any CPU.ActiveCfg = Release|Any CPU
		{0C663755-F5EC-4DA6-98A9-16DD9B8D5492}.Release|Any CPU.Build.0 = Release|Any CPU
	EndGlobalSection
	GlobalSection(SolutionProperties) = preSolution
		HideSolutionNode = FALSE
	EndGlobalSection
	GlobalSection(ExtensibilityGlobals) = postSolution
		SolutionGuid = {7D534BFD-6398-4F7B-AD3A-91E9DAEC5F8D}
	EndGlobalSection
EndGlobal
